
Microsoft Visual Studio Solution File, Format Version 12.00
Project("{F2A71F9B-5D33-465A-A702-920D77279786}") = "project4", "project4\project4.fsproj", "{A12CC272-B307-4FC4-AD4E-71AD02F6DF51}"
EndProject
Global
	GlobalSection(SolutionConfigurationPlatforms) = preSolution
		Debug|Any CPU = Debug|Any CPU
		Release|Any CPU = Release|Any CPU
	EndGlobalSection
	GlobalSection(ProjectConfigurationPlatforms) = postSolution
		{A12CC272-B307-4FC4-AD4E-71AD02F6DF51}.Debug|Any CPU.ActiveCfg = Debug|Any CPU
		{A12CC272-B307-4FC4-AD4E-71AD02F6DF51}.Debug|Any CPU.Build.0 = Debug|Any CPU
		{A12CC272-B307-4FC4-AD4E-71AD02F6DF51}.Release|Any CPU.ActiveCfg = Release|Any CPU
		{A12CC272-B307-4FC4-AD4E-71AD02F6DF51}.Release|Any CPU.Build.0 = Release|Any CPU
	EndGlobalSection
EndGlobal
